
Microsoft Visual Studio Solution File, Format Version 12.00
# Visual Studio Version 17
VisualStudioVersion = 17.8.34322.80
MinimumVisualStudioVersion = 10.0.40219.1
Project("{9A19103F-16F7-4668-BE54-9A1E7A4F7556}") = "A1P1", "A1P1\A1P1.csproj", "{510FCF44-F324-4A60-AC6E-26D96CBE02DA}"
EndProject
Project("{9A19103F-16F7-4668-BE54-9A1E7A4F7556}") = "A1P2", "A1P2\A1P2.csproj", "{63075009-5342-42DC-BC54-E38130CCEC43}"
EndProject
Project("{9A19103F-16F7-4668-BE54-9A1E7A4F7556}") = "A2P1", "A2P1\A2P1.csproj", "{D9015A8C-724E-4CDC-B969-BEAB86C12AB4}"
EndProject
Project("{9A19103F-16F7-4668-BE54-9A1E7A4F7556}") = "A2P2", "A2P2\A2P2.csproj", "{3CBF8DDE-8563-489B-842B-F3E65CF0FC2E}"
EndProject
Project("{9A19103F-16F7-4668-BE54-9A1E7A4F7556}") = "A3P1", "A3P1\A3P1.csproj", "{9ED4F79C-A562-42FE-AEA6-DC78A83EB596}"
EndProject
Project("{9A19103F-16F7-4668-BE54-9A1E7A4F7556}") = "A3P2", "A3P2\A3P2.csproj", "{8D42E7BA-AD63-4CA4-8E39-C227C25970A0}"
EndProject
Project("{FAE04EC0-301F-11D3-BF4B-00C04F79EFBC}") = "A4P1", "A4P1\A4P1.csproj", "{84A0F790-865B-48AA-95DA-D76B9E613890}"
EndProject
Project("{FAE04EC0-301F-11D3-BF4B-00C04F79EFBC}") = "A4P2", "A4P2\A4P2.csproj", "{517092C8-81BB-4EB6-92BA-553F62C6259E}"
EndProject
Global
	GlobalSection(SolutionConfigurationPlatforms) = preSolution
		Debug|Any CPU = Debug|Any CPU
		Release|Any CPU = Release|Any CPU
	EndGlobalSection
	GlobalSection(ProjectConfigurationPlatforms) = postSolution
		{510FCF44-F324-4A60-AC6E-26D96CBE02DA}.Debug|Any CPU.ActiveCfg = Debug|Any CPU
		{510FCF44-F324-4A60-AC6E-26D96CBE02DA}.Debug|Any CPU.Build.0 = Debug|Any CPU
		{510FCF44-F324-4A60-AC6E-26D96CBE02DA}.Release|Any CPU.ActiveCfg = Release|Any CPU
		{510FCF44-F324-4A60-AC6E-26D96CBE02DA}.Release|Any CPU.Build.0 = Release|Any CPU
		{63075009-5342-42DC-BC54-E38130CCEC43}.Debug|Any CPU.ActiveCfg = Debug|Any CPU
		{63075009-5342-42DC-BC54-E38130CCEC43}.Debug|Any CPU.Build.0 = Debug|Any CPU
		{63075009-5342-42DC-BC54-E38130CCEC43}.Release|Any CPU.ActiveCfg = Release|Any CPU
		{63075009-5342-42DC-BC54-E38130CCEC43}.Release|Any CPU.Build.0 = Release|Any CPU
		{D9015A8C-724E-4CDC-B969-BEAB86C12AB4}.Debug|Any CPU.ActiveCfg = Debug|Any CPU
		{D9015A8C-724E-4CDC-B969-BEAB86C12AB4}.Debug|Any CPU.Build.0 = Debug|Any CPU
		{D9015A8C-724E-4CDC-B969-BEAB86C12AB4}.Release|Any CPU.ActiveCfg = Release|Any CPU
		{D9015A8C-724E-4CDC-B969-BEAB86C12AB4}.Release|Any CPU.Build.0 = Release|Any CPU
		{3CBF8DDE-8563-489B-842B-F3E65CF0FC2E}.Debug|Any CPU.ActiveCfg = Debug|Any CPU
		{3CBF8DDE-8563-489B-842B-F3E65CF0FC2E}.Debug|Any CPU.Build.0 = Debug|Any CPU
		{3CBF8DDE-8563-489B-842B-F3E65CF0FC2E}.Release|Any CPU.ActiveCfg = Release|Any CPU
		{3CBF8DDE-8563-489B-842B-F3E65CF0FC2E}.Release|Any CPU.Build.0 = Release|Any CPU
		{9ED4F79C-A562-42FE-AEA6-DC78A83EB596}.Debug|Any CPU.ActiveCfg = Debug|Any CPU
		{9ED4F79C-A562-42FE-AEA6-DC78A83EB596}.Debug|Any CPU.Build.0 = Debug|Any CPU
		{9ED4F79C-A562-42FE-AEA6-DC78A83EB596}.Release|Any CPU.ActiveCfg = Release|Any CPU
		{9ED4F79C-A562-42FE-AEA6-DC78A83EB596}.Release|Any CPU.Build.0 = Release|Any CPU
		{8D42E7BA-AD63-4CA4-8E39-C227C25970A0}.Debug|Any CPU.ActiveCfg = Debug|Any CPU
		{8D42E7BA-AD63-4CA4-8E39-C227C25970A0}.Debug|Any CPU.Build.0 = Debug|Any CPU
		{8D42E7BA-AD63-4CA4-8E39-C227C25970A0}.Release|Any CPU.ActiveCfg = Release|Any CPU
		{8D42E7BA-AD63-4CA4-8E39-C227C25970A0}.Release|Any CPU.Build.0 = Release|Any CPU
		{84A0F790-865B-48AA-95DA-D76B9E613890}.Debug|Any CPU.ActiveCfg = Debug|Any CPU
		{84A0F790-865B-48AA-95DA-D76B9E613890}.Debug|Any CPU.Build.0 = Debug|Any CPU
		{84A0F790-865B-48AA-95DA-D76B9E613890}.Release|Any CPU.ActiveCfg = Release|Any CPU
		{84A0F790-865B-48AA-95DA-D76B9E613890}.Release|Any CPU.Build.0 = Release|Any CPU
		{517092C8-81BB-4EB6-92BA-553F62C6259E}.Debug|Any CPU.ActiveCfg = Debug|Any CPU
		{517092C8-81BB-4EB6-92BA-553F62C6259E}.Debug|Any CPU.Build.0 = Debug|Any CPU
		{517092C8-81BB-4EB6-92BA-553F62C6259E}.Release|Any CPU.ActiveCfg = Release|Any CPU
		{517092C8-81BB-4EB6-92BA-553F62C6259E}.Release|Any CPU.Build.0 = Release|Any CPU
	EndGlobalSection
	GlobalSection(SolutionProperties) = preSolution
		HideSolutionNode = FALSE
	EndGlobalSection
	GlobalSection(ExtensibilityGlobals) = postSolution
		SolutionGuid = {D1361A76-6E88-4699-90E7-1F4E2A003D47}
	EndGlobalSection
EndGlobal
